// !$*UTF8*$!
{
	archiveVersion = 1;
	classes = {
	};
	objectVersion = 46;
	objects = {

/* Begin PBXBuildFile section */
		764007B21A2713AC00D10B9D /* main.m in Sources */ = {isa = PBXBuildFile; fileRef = 764007B11A2713AC00D10B9D /* main.m */; };
		764007B51A2713AC00D10B9D /* AppDelegate.m in Sources */ = {isa = PBXBuildFile; fileRef = 764007B41A2713AC00D10B9D /* AppDelegate.m */; };
		764007B81A2713AC00D10B9D /* ViewController.m in Sources */ = {isa = PBXBuildFile; fileRef = 764007B71A2713AC00D10B9D /* ViewController.m */; };
		764007BD1A2713AC00D10B9D /* Images.xcassets in Resources */ = {isa = PBXBuildFile; fileRef = 764007BC1A2713AC00D10B9D /* Images.xcassets */; };
		764007C01A2713AC00D10B9D /* LaunchScreen.xib in Resources */ = {isa = PBXBuildFile; fileRef = 764007BE1A2713AC00D10B9D /* LaunchScreen.xib */; };
		764007D71A2715A300D10B9D /* SettingsViewController.m in Sources */ = {isa = PBXBuildFile; fileRef = 764007D61A2715A300D10B9D /* SettingsViewController.m */; };
		764007DD1A27199000D10B9D /* ACLanguageUtil.m in Sources */ = {isa = PBXBuildFile; fileRef = 764007DC1A27199000D10B9D /* ACLanguageUtil.m */; };
		764007E91A271C2500D10B9D /* Localizable.strings in Resources */ = {isa = PBXBuildFile; fileRef = 764007EB1A271C2500D10B9D /* Localizable.strings */; };
		764007EC1A271C3A00D10B9D /* InfoPlist.strings in Resources */ = {isa = PBXBuildFile; fileRef = 764007EE1A271C3A00D10B9D /* InfoPlist.strings */; };
		7680341A1A27231500C9D236 /* 3rdLib.bundle in Resources */ = {isa = PBXBuildFile; fileRef = 768034191A27231500C9D236 /* 3rdLib.bundle */; };
		76D94D121A2841E00014EA2B /* FromTable.strings in Resources */ = {isa = PBXBuildFile; fileRef = 76D94D0E1A2841E00014EA2B /* FromTable.strings */; };
/* End PBXBuildFile section */

/* Begin PBXFileReference section */
		764007AC1A2713AC00D10B9D /* ManualLanguageSelectionSample.app */ = {isa = PBXFileReference; explicitFileType = wrapper.application; includeInIndex = 0; path = ManualLanguageSelectionSample.app; sourceTree = BUILT_PRODUCTS_DIR; };
		764007B01A2713AC00D10B9D /* Info.plist */ = {isa = PBXFileReference; lastKnownFileType = text.plist.xml; path = Info.plist; sourceTree = "<group>"; };
		764007B11A2713AC00D10B9D /* main.m */ = {isa = PBXFileReference; lastKnownFileType = sourcecode.c.objc; path = main.m; sourceTree = "<group>"; };
		764007B31A2713AC00D10B9D /* AppDelegate.h */ = {isa = PBXFileReference; lastKnownFileType = sourcecode.c.h; path = AppDelegate.h; sourceTree = "<group>"; };
		764007B41A2713AC00D10B9D /* AppDelegate.m */ = {isa = PBXFileReference; lastKnownFileType = sourcecode.c.objc; path = AppDelegate.m; sourceTree = "<group>"; };
		764007B61A2713AC00D10B9D /* ViewController.h */ = {isa = PBXFileReference; lastKnownFileType = sourcecode.c.h; path = ViewController.h; sourceTree = "<group>"; };
		764007B71A2713AC00D10B9D /* ViewController.m */ = {isa = PBXFileReference; lastKnownFileType = sourcecode.c.objc; path = ViewController.m; sourceTree = "<group>"; };
		764007BC1A2713AC00D10B9D /* Images.xcassets */ = {isa = PBXFileReference; lastKnownFileType = folder.assetcatalog; path = Images.xcassets; sourceTree = "<group>"; };
		764007D51A2715A300D10B9D /* SettingsViewController.h */ = {isa = PBXFileReference; fileEncoding = 4; lastKnownFileType = sourcecode.c.h; path = SettingsViewController.h; sourceTree = "<group>"; };
		764007D61A2715A300D10B9D /* SettingsViewController.m */ = {isa = PBXFileReference; fileEncoding = 4; lastKnownFileType = sourcecode.c.objc; path = SettingsViewController.m; sourceTree = "<group>"; };
		764007D81A27176C00D10B9D /* PrefixHeader.pch */ = {isa = PBXFileReference; lastKnownFileType = sourcecode.c.h; path = PrefixHeader.pch; sourceTree = "<group>"; };
		764007DB1A27199000D10B9D /* ACLanguageUtil.h */ = {isa = PBXFileReference; fileEncoding = 4; lastKnownFileType = sourcecode.c.h; path = ACLanguageUtil.h; sourceTree = "<group>"; };
		764007DC1A27199000D10B9D /* ACLanguageUtil.m */ = {isa = PBXFileReference; fileEncoding = 4; lastKnownFileType = sourcecode.c.objc; path = ACLanguageUtil.m; sourceTree = "<group>"; };
		764007F01A271C4000D10B9D /* zh-Hant */ = {isa = PBXFileReference; lastKnownFileType = text.plist.strings; name = "zh-Hant"; path = "zh-Hant.lproj/Localizable.strings"; sourceTree = "<group>"; };
		764007F11A271C4100D10B9D /* zh-Hans */ = {isa = PBXFileReference; lastKnownFileType = text.plist.strings; name = "zh-Hans"; path = "zh-Hans.lproj/Localizable.strings"; sourceTree = "<group>"; };
		764007F31A271C4E00D10B9D /* zh-Hant */ = {isa = PBXFileReference; lastKnownFileType = text.plist.strings; name = "zh-Hant"; path = "zh-Hant.lproj/InfoPlist.strings"; sourceTree = "<group>"; };
		764007F41A271C4E00D10B9D /* zh-Hans */ = {isa = PBXFileReference; lastKnownFileType = text.plist.strings; name = "zh-Hans"; path = "zh-Hans.lproj/InfoPlist.strings"; sourceTree = "<group>"; };
		764007F51A271C5700D10B9D /* zh-Hans */ = {isa = PBXFileReference; lastKnownFileType = file.xib; name = "zh-Hans"; path = "zh-Hans.lproj/LaunchScreen.xib"; sourceTree = "<group>"; };
		768034151A271CDE00C9D236 /* en */ = {isa = PBXFileReference; lastKnownFileType = text.plist.strings; name = en; path = en.lproj/InfoPlist.strings; sourceTree = "<group>"; };
		768034161A271CDE00C9D236 /* en */ = {isa = PBXFileReference; lastKnownFileType = text.plist.strings; name = en; path = en.lproj/Localizable.strings; sourceTree = "<group>"; };
		768034171A271D1B00C9D236 /* en */ = {isa = PBXFileReference; lastKnownFileType = file.xib; name = en; path = en.lproj/LaunchScreen.xib; sourceTree = "<group>"; };
		768034181A271D1C00C9D236 /* zh-Hant */ = {isa = PBXFileReference; lastKnownFileType = file.xib; name = "zh-Hant"; path = "zh-Hant.lproj/LaunchScreen.xib"; sourceTree = "<group>"; };
		768034191A27231500C9D236 /* 3rdLib.bundle */ = {isa = PBXFileReference; lastKnownFileType = "wrapper.plug-in"; path = 3rdLib.bundle; sourceTree = "<group>"; };
		76D94D0F1A2841E00014EA2B /* en */ = {isa = PBXFileReference; lastKnownFileType = text.plist.strings; name = en; path = en.lproj/FromTable.strings; sourceTree = "<group>"; };
		76D94D101A2841E00014EA2B /* zh-Hans */ = {isa = PBXFileReference; lastKnownFileType = text.plist.strings; name = "zh-Hans"; path = "zh-Hans.lproj/FromTable.strings"; sourceTree = "<group>"; };
		76D94D111A2841E00014EA2B /* zh-Hant */ = {isa = PBXFileReference; lastKnownFileType = text.plist.strings; name = "zh-Hant"; path = "zh-Hant.lproj/FromTable.strings"; sourceTree = "<group>"; };
/* End PBXFileReference section */

/* Begin PBXFrameworksBuildPhase section */
		764007A91A2713AC00D10B9D /* Frameworks */ = {
			isa = PBXFrameworksBuildPhase;
			buildActionMask = 2147483647;
			files = (
			);
			runOnlyForDeploymentPostprocessing = 0;
		};
/* End PBXFrameworksBuildPhase section */

/* Begin PBXGroup section */
		764007A31A2713AC00D10B9D = {
			isa = PBXGroup;
			children = (
				764007AE1A2713AC00D10B9D /* ManualLanguageSelectionSample */,
				764007AD1A2713AC00D10B9D /* Products */,
			);
			sourceTree = "<group>";
		};
		764007AD1A2713AC00D10B9D /* Products */ = {
			isa = PBXGroup;
			children = (
				764007AC1A2713AC00D10B9D /* ManualLanguageSelectionSample.app */,
			);
			name = Products;
			sourceTree = "<group>";
		};
		764007AE1A2713AC00D10B9D /* ManualLanguageSelectionSample */ = {
			isa = PBXGroup;
			children = (
				764007DA1A27197400D10B9D /* ACLanguageUtil */,
				764007B31A2713AC00D10B9D /* AppDelegate.h */,
				764007B41A2713AC00D10B9D /* AppDelegate.m */,
				764007B61A2713AC00D10B9D /* ViewController.h */,
				764007B71A2713AC00D10B9D /* ViewController.m */,
				764007D51A2715A300D10B9D /* SettingsViewController.h */,
				764007D61A2715A300D10B9D /* SettingsViewController.m */,
				76D94D0D1A2841E00014EA2B /* 3rdLib_Assets */,
				768034191A27231500C9D236 /* 3rdLib.bundle */,
				764007BC1A2713AC00D10B9D /* Images.xcassets */,
				764007BE1A2713AC00D10B9D /* LaunchScreen.xib */,
				764007AF1A2713AC00D10B9D /* Supporting Files */,
			);
			path = ManualLanguageSelectionSample;
			sourceTree = "<group>";
		};
		764007AF1A2713AC00D10B9D /* Supporting Files */ = {
			isa = PBXGroup;
			children = (
				764007B11A2713AC00D10B9D /* main.m */,
				764007D81A27176C00D10B9D /* PrefixHeader.pch */,
				764007B01A2713AC00D10B9D /* Info.plist */,
				764007EE1A271C3A00D10B9D /* InfoPlist.strings */,
				764007EB1A271C2500D10B9D /* Localizable.strings */,
			);
			name = "Supporting Files";
			sourceTree = "<group>";
		};
		764007DA1A27197400D10B9D /* ACLanguageUtil */ = {
			isa = PBXGroup;
			children = (
				764007DB1A27199000D10B9D /* ACLanguageUtil.h */,
				764007DC1A27199000D10B9D /* ACLanguageUtil.m */,
			);
			path = ACLanguageUtil;
			sourceTree = "<group>";
		};
		76D94D0D1A2841E00014EA2B /* 3rdLib_Assets */ = {
			isa = PBXGroup;
			children = (
				76D94D0E1A2841E00014EA2B /* FromTable.strings */,
			);
			path = 3rdLib_Assets;
			sourceTree = "<group>";
		};
/* End PBXGroup section */

/* Begin PBXNativeTarget section */
		764007AB1A2713AC00D10B9D /* ManualLanguageSelectionSample */ = {
			isa = PBXNativeTarget;
			buildConfigurationList = 764007CF1A2713AC00D10B9D /* Build configuration list for PBXNativeTarget "ManualLanguageSelectionSample" */;
			buildPhases = (
				764007A81A2713AC00D10B9D /* Sources */,
				764007A91A2713AC00D10B9D /* Frameworks */,
				764007AA1A2713AC00D10B9D /* Resources */,
			);
			buildRules = (
			);
			dependencies = (
			);
			name = ManualLanguageSelectionSample;
			productName = ManualLanguageSelectionSample;
			productReference = 764007AC1A2713AC00D10B9D /* ManualLanguageSelectionSample.app */;
			productType = "com.apple.product-type.application";
		};
/* End PBXNativeTarget section */

/* Begin PBXProject section */
		764007A41A2713AC00D10B9D /* Project object */ = {
			isa = PBXProject;
			attributes = {
				LastUpgradeCheck = 0610;
				ORGANIZATIONNAME = "Albert Chu";
				TargetAttributes = {
					764007AB1A2713AC00D10B9D = {
						CreatedOnToolsVersion = 6.1;
					};
				};
			};
			buildConfigurationList = 764007A71A2713AC00D10B9D /* Build configuration list for PBXProject "ManualLanguageSelectionSample" */;
			compatibilityVersion = "Xcode 3.2";
			developmentRegion = English;
			hasScannedForEncodings = 0;
			knownRegions = (
				Base,
				"zh-Hant",
				"zh-Hans",
				en,
			);
			mainGroup = 764007A31A2713AC00D10B9D;
			productRefGroup = 764007AD1A2713AC00D10B9D /* Products */;
			projectDirPath = "";
			projectRoot = "";
			targets = (
				764007AB1A2713AC00D10B9D /* ManualLanguageSelectionSample */,
			);
		};
/* End PBXProject section */

/* Begin PBXResourcesBuildPhase section */
		764007AA1A2713AC00D10B9D /* Resources */ = {
			isa = PBXResourcesBuildPhase;
			buildActionMask = 2147483647;
			files = (
				764007C01A2713AC00D10B9D /* LaunchScreen.xib in Resources */,
				764007EC1A271C3A00D10B9D /* InfoPlist.strings in Resources */,
				764007E91A271C2500D10B9D /* Localizable.strings in Resources */,
				764007BD1A2713AC00D10B9D /* Images.xcassets in Resources */,
				7680341A1A27231500C9D236 /* 3rdLib.bundle in Resources */,
				76D94D121A2841E00014EA2B /* FromTable.strings in Resources */,
			);
			runOnlyForDeploymentPostprocessing = 0;
		};
/* End PBXResourcesBuildPhase section */

/* Begin PBXSourcesBuildPhase section */
		764007A81A2713AC00D10B9D /* Sources */ = {
			isa = PBXSourcesBuildPhase;
			buildActionMask = 2147483647;
			files = (
				764007B81A2713AC00D10B9D /* ViewController.m in Sources */,
				764007B51A2713AC00D10B9D /* AppDelegate.m in Sources */,
				764007B21A2713AC00D10B9D /* main.m in Sources */,
				764007D71A2715A300D10B9D /* SettingsViewController.m in Sources */,
				764007DD1A27199000D10B9D /* ACLanguageUtil.m in Sources */,
			);
			runOnlyForDeploymentPostprocessing = 0;
		};
/* End PBXSourcesBuildPhase section */

/* Begin PBXVariantGroup section */
		764007BE1A2713AC00D10B9D /* LaunchScreen.xib */ = {
			isa = PBXVariantGroup;
			children = (
				764007F51A271C5700D10B9D /* zh-Hans */,
				768034171A271D1B00C9D236 /* en */,
				768034181A271D1C00C9D236 /* zh-Hant */,
			);
			name = LaunchScreen.xib;
			sourceTree = "<group>";
		};
		764007EB1A271C2500D10B9D /* Localizable.strings */ = {
			isa = PBXVariantGroup;
			children = (
				764007F01A271C4000D10B9D /* zh-Hant */,
				764007F11A271C4100D10B9D /* zh-Hans */,
				768034161A271CDE00C9D236 /* en */,
			);
			name = Localizable.strings;
			sourceTree = "<group>";
		};
		764007EE1A271C3A00D10B9D /* InfoPlist.strings */ = {
			isa = PBXVariantGroup;
			children = (
				764007F31A271C4E00D10B9D /* zh-Hant */,
				764007F41A271C4E00D10B9D /* zh-Hans */,
				768034151A271CDE00C9D236 /* en */,
			);
			name = InfoPlist.strings;
			sourceTree = "<group>";
		};
		76D94D0E1A2841E00014EA2B /* FromTable.strings */ = {
			isa = PBXVariantGroup;
			children = (
				76D94D0F1A2841E00014EA2B /* en */,
				76D94D101A2841E00014EA2B /* zh-Hans */,
				76D94D111A2841E00014EA2B /* zh-Hant */,
			);
			name = FromTable.strings;
			sourceTree = "<group>";
		};
/* End PBXVariantGroup section */

/* Begin XCBuildConfiguration section */
		764007CD1A2713AC00D10B9D /* Debug */ = {
			isa = XCBuildConfiguration;
			buildSettings = {
				ALWAYS_SEARCH_USER_PATHS = NO;
				CLANG_CXX_LANGUAGE_STANDARD = "gnu++0x";
				CLANG_CXX_LIBRARY = "libc++";
				CLANG_ENABLE_MODULES = YES;
				CLANG_ENABLE_OBJC_ARC = YES;
				CLANG_WARN_BOOL_CONVERSION = YES;
				CLANG_WARN_CONSTANT_CONVERSION = YES;
				CLANG_WARN_DIRECT_OBJC_ISA_USAGE = YES_ERROR;
				CLANG_WARN_EMPTY_BODY = YES;
				CLANG_WARN_ENUM_CONVERSION = YES;
				CLANG_WARN_INT_CONVERSION = YES;
				CLANG_WARN_OBJC_ROOT_CLASS = YES_ERROR;
				CLANG_WARN_UNREACHABLE_CODE = YES;
				CLANG_WARN__DUPLICATE_METHOD_MATCH = YES;
				"CODE_SIGN_IDENTITY[sdk=iphoneos*]" = "iPhone Developer";
				COPY_PHASE_STRIP = NO;
				ENABLE_STRICT_OBJC_MSGSEND = YES;
				GCC_C_LANGUAGE_STANDARD = gnu99;
				GCC_DYNAMIC_NO_PIC = NO;
				GCC_OPTIMIZATION_LEVEL = 0;
				GCC_PREPROCESSOR_DEFINITIONS = (
					"DEBUG=1",
					"$(inherited)",
				);
				GCC_SYMBOLS_PRIVATE_EXTERN = NO;
				GCC_WARN_64_TO_32_BIT_CONVERSION = YES;
				GCC_WARN_ABOUT_RETURN_TYPE = YES_ERROR;
				GCC_WARN_UNDECLARED_SELECTOR = YES;
				GCC_WARN_UNINITIALIZED_AUTOS = YES_AGGRESSIVE;
				GCC_WARN_UNUSED_FUNCTION = YES;
				GCC_WARN_UNUSED_VARIABLE = YES;
				IPHONEOS_DEPLOYMENT_TARGET = 7.0;
				MTL_ENABLE_DEBUG_INFO = YES;
				ONLY_ACTIVE_ARCH = YES;
				SDKROOT = iphoneos;
			};
			name = Debug;
		};
		764007CE1A2713AC00D10B9D /* Release */ = {
			isa = XCBuildConfiguration;
			buildSettings = {
				ALWAYS_SEARCH_USER_PATHS = NO;
				CLANG_CXX_LANGUAGE_STANDARD = "gnu++0x";
				CLANG_CXX_LIBRARY = "libc++";
				CLANG_ENABLE_MODULES = YES;
				CLANG_ENABLE_OBJC_ARC = YES;
				CLANG_WARN_BOOL_CONVERSION = YES;
				CLANG_WARN_CONSTANT_CONVERSION = YES;
				CLANG_WARN_DIRECT_OBJC_ISA_USAGE = YES_ERROR;
				CLANG_WARN_EMPTY_BODY = YES;
				CLANG_WARN_ENUM_CONVERSION = YES;
				CLANG_WARN_INT_CONVERSION = YES;
				CLANG_WARN_OBJC_ROOT_CLASS = YES_ERROR;
				CLANG_WARN_UNREACHABLE_CODE = YES;
				CLANG_WARN__DUPLICATE_METHOD_MATCH = YES;
				"CODE_SIGN_IDENTITY[sdk=iphoneos*]" = "iPhone Developer";
				COPY_PHASE_STRIP = YES;
				ENABLE_NS_ASSERTIONS = NO;
				ENABLE_STRICT_OBJC_MSGSEND = YES;
				GCC_C_LANGUAGE_STANDARD = gnu99;
				GCC_WARN_64_TO_32_BIT_CONVERSION = YES;
				GCC_WARN_ABOUT_RETURN_TYPE = YES_ERROR;
				GCC_WARN_UNDECLARED_SELECTOR = YES;
				GCC_WARN_UNINITIALIZED_AUTOS = YES_AGGRESSIVE;
				GCC_WARN_UNUSED_FUNCTION = YES;
				GCC_WARN_UNUSED_VARIABLE = YES;
				IPHONEOS_DEPLOYMENT_TARGET = 7.0;
				MTL_ENABLE_DEBUG_INFO = NO;
				SDKROOT = iphoneos;
				VALIDATE_PRODUCT = YES;
			};
			name = Release;
		};
		764007D01A2713AC00D10B9D /* Debug */ = {
			isa = XCBuildConfiguration;
			buildSettings = {
				ASSETCATALOG_COMPILER_APPICON_NAME = AppIcon;
				ASSETCATALOG_COMPILER_LAUNCHIMAGE_NAME = LaunchImage;
				GCC_PREFIX_HEADER = ManualLanguageSelectionSample/PrefixHeader.pch;
				INFOPLIST_FILE = ManualLanguageSelectionSample/Info.plist;
				IPHONEOS_DEPLOYMENT_TARGET = 7.0;
				LD_RUNPATH_SEARCH_PATHS = "$(inherited) @executable_path/Frameworks";
				PRODUCT_NAME = "$(TARGET_NAME)";
			};
			name = Debug;
		};
		764007D11A2713AC00D10B9D /* Release */ = {
			isa = XCBuildConfiguration;
			buildSettings = {
				ASSETCATALOG_COMPILER_APPICON_NAME = AppIcon;
				ASSETCATALOG_COMPILER_LAUNCHIMAGE_NAME = LaunchImage;
				GCC_PREFIX_HEADER = ManualLanguageSelectionSample/PrefixHeader.pch;
				INFOPLIST_FILE = ManualLanguageSelectionSample/Info.plist;
				IPHONEOS_DEPLOYMENT_TARGET = 7.0;
				LD_RUNPATH_SEARCH_PATHS = "$(inherited) @executable_path/Frameworks";
				PRODUCT_NAME = "$(TARGET_NAME)";
			};
			name = Release;
		};
/* End XCBuildConfiguration section */

/* Begin XCConfigurationList section */
		764007A71A2713AC00D10B9D /* Build configuration list for PBXProject "ManualLanguageSelectionSample" */ = {
			isa = XCConfigurationList;
			buildConfigurations = (
				764007CD1A2713AC00D10B9D /* Debug */,
				764007CE1A2713AC00D10B9D /* Release */,
			);
			defaultConfigurationIsVisible = 0;
			defaultConfigurationName = Release;
		};
		764007CF1A2713AC00D10B9D /* Build configuration list for PBXNativeTarget "ManualLanguageSelectionSample" */ = {
			isa = XCConfigurationList;
			buildConfigurations = (
				764007D01A2713AC00D10B9D /* Debug */,
				764007D11A2713AC00D10B9D /* Release */,
			);
			defaultConfigurationIsVisible = 0;
			defaultConfigurationName = Release;
		};
/* End XCConfigurationList section */
	};
	rootObject = 764007A41A2713AC00D10B9D /* Project object */;
}
